
Microsoft Visual Studio Solution File, Format Version 12.00
# Visual Studio 15
Project("{FAE04EC0-301F-11D3-BF4B-00C04F79EFBC}") = "Assembly-CSharp", "Assembly-CSharp.csproj", "{DCC18791-1A7B-4038-4B29-D52134A3888F}"
EndProject
Project("{FAE04EC0-301F-11D3-BF4B-00C04F79EFBC}") = "Assembly-CSharp-Editor", "Assembly-CSharp-Editor.csproj", "{E1B04858-C2C4-24BA-BADC-78433956B4ED}"
EndProject
Global
	GlobalSection(SolutionConfigurationPlatforms) = preSolution
		Debug|Any CPU = Debug|Any CPU
		Release|Any CPU = Release|Any CPU
	EndGlobalSection
	GlobalSection(ProjectConfigurationPlatforms) = postSolution
		{DCC18791-1A7B-4038-4B29-D52134A3888F}.Debug|Any CPU.ActiveCfg = Debug|Any CPU
		{DCC18791-1A7B-4038-4B29-D52134A3888F}.Debug|Any CPU.Build.0 = Debug|Any CPU
		{DCC18791-1A7B-4038-4B29-D52134A3888F}.Release|Any CPU.ActiveCfg = Release|Any CPU
		{DCC18791-1A7B-4038-4B29-D52134A3888F}.Release|Any CPU.Build.0 = Release|Any CPU
		{E1B04858-C2C4-24BA-BADC-78433956B4ED}.Debug|Any CPU.ActiveCfg = Debug|Any CPU
		{E1B04858-C2C4-24BA-BADC-78433956B4ED}.Debug|Any CPU.Build.0 = Debug|Any CPU
		{E1B04858-C2C4-24BA-BADC-78433956B4ED}.Release|Any CPU.ActiveCfg = Release|Any CPU
		{E1B04858-C2C4-24BA-BADC-78433956B4ED}.Release|Any CPU.Build.0 = Release|Any CPU
	EndGlobalSection
	GlobalSection(SolutionProperties) = preSolution
		HideSolutionNode = FALSE
	EndGlobalSection
EndGlobal
